
Microsoft Visual Studio Solution File, Format Version 12.00
# Visual Studio Version 17
VisualStudioVersion = 17.2.32519.379
MinimumVisualStudioVersion = 10.0.40219.1
Project("{9A19103F-16F7-4668-BE54-9A1E7A4F7556}") = "Playground", "Playground\Playground.csproj", "{28EC52EA-058C-48F4-9684-6095C25082A5}"
EndProject
Project("{9A19103F-16F7-4668-BE54-9A1E7A4F7556}") = "DataStructuresPlayground", "DataStructuresPlayground\DataStructuresPlayground.csproj", "{AA2DB605-C628-4545-8CC4-805C61425701}"
EndProject
Project("{9A19103F-16F7-4668-BE54-9A1E7A4F7556}") = "DataStructuresTests", "LinkedListTests\DataStructuresTests.csproj", "{BC9A99AA-CFF7-4E8D-9603-B7515867833B}"
EndProject
Project("{FAE04EC0-301F-11D3-BF4B-00C04F79EFBC}") = "PlaygroundTests", "PlaygroundTests\PlaygroundTests.csproj", "{6D439F39-EE77-4D45-975A-10071FA99D6A}"
EndProject
Global
	GlobalSection(SolutionConfigurationPlatforms) = preSolution
		Debug|Any CPU = Debug|Any CPU
		Release|Any CPU = Release|Any CPU
	EndGlobalSection
	GlobalSection(ProjectConfigurationPlatforms) = postSolution
		{28EC52EA-058C-48F4-9684-6095C25082A5}.Debug|Any CPU.ActiveCfg = Debug|Any CPU
		{28EC52EA-058C-48F4-9684-6095C25082A5}.Debug|Any CPU.Build.0 = Debug|Any CPU
		{28EC52EA-058C-48F4-9684-6095C25082A5}.Release|Any CPU.ActiveCfg = Release|Any CPU
		{28EC52EA-058C-48F4-9684-6095C25082A5}.Release|Any CPU.Build.0 = Release|Any CPU
		{AA2DB605-C628-4545-8CC4-805C61425701}.Debug|Any CPU.ActiveCfg = Debug|Any CPU
		{AA2DB605-C628-4545-8CC4-805C61425701}.Debug|Any CPU.Build.0 = Debug|Any CPU
		{AA2DB605-C628-4545-8CC4-805C61425701}.Release|Any CPU.ActiveCfg = Release|Any CPU
		{AA2DB605-C628-4545-8CC4-805C61425701}.Release|Any CPU.Build.0 = Release|Any CPU
		{BC9A99AA-CFF7-4E8D-9603-B7515867833B}.Debug|Any CPU.ActiveCfg = Debug|Any CPU
		{BC9A99AA-CFF7-4E8D-9603-B7515867833B}.Debug|Any CPU.Build.0 = Debug|Any CPU
		{BC9A99AA-CFF7-4E8D-9603-B7515867833B}.Release|Any CPU.ActiveCfg = Release|Any CPU
		{BC9A99AA-CFF7-4E8D-9603-B7515867833B}.Release|Any CPU.Build.0 = Release|Any CPU
		{6D439F39-EE77-4D45-975A-10071FA99D6A}.Debug|Any CPU.ActiveCfg = Debug|Any CPU
		{6D439F39-EE77-4D45-975A-10071FA99D6A}.Debug|Any CPU.Build.0 = Debug|Any CPU
		{6D439F39-EE77-4D45-975A-10071FA99D6A}.Release|Any CPU.ActiveCfg = Release|Any CPU
		{6D439F39-EE77-4D45-975A-10071FA99D6A}.Release|Any CPU.Build.0 = Release|Any CPU
	EndGlobalSection
	GlobalSection(SolutionProperties) = preSolution
		HideSolutionNode = FALSE
	EndGlobalSection
	GlobalSection(ExtensibilityGlobals) = postSolution
		SolutionGuid = {ECFF0E97-FA3D-490D-892E-A97D5231EF20}
	EndGlobalSection
EndGlobal
